// !$*UTF8*$!
{
	archiveVersion = 1;
	classes = {
	};
	objectVersion = 46;
	objects = {

/* Begin PBXBuildFile section */
		0A8EFD6A1CC13E0200EDEAAC /* AppDelegate.swift in Sources */ = {isa = PBXBuildFile; fileRef = 0A8EFD691CC13E0200EDEAAC /* AppDelegate.swift */; };
		0A8EFD6C1CC13E0200EDEAAC /* ViewController.swift in Sources */ = {isa = PBXBuildFile; fileRef = 0A8EFD6B1CC13E0200EDEAAC /* ViewController.swift */; };
		0A8EFD6F1CC13E0200EDEAAC /* Main.storyboard in Resources */ = {isa = PBXBuildFile; fileRef = 0A8EFD6D1CC13E0200EDEAAC /* Main.storyboard */; };
		0A8EFD711CC13E0200EDEAAC /* Assets.xcassets in Resources */ = {isa = PBXBuildFile; fileRef = 0A8EFD701CC13E0200EDEAAC /* Assets.xcassets */; };
		0A8EFD741CC13E0200EDEAAC /* LaunchScreen.storyboard in Resources */ = {isa = PBXBuildFile; fileRef = 0A8EFD721CC13E0200EDEAAC /* LaunchScreen.storyboard */; };
		0A8EFD7F1CC13E0200EDEAAC /* ninjamovesTests.swift in Sources */ = {isa = PBXBuildFile; fileRef = 0A8EFD7E1CC13E0200EDEAAC /* ninjamovesTests.swift */; };
		0A8EFD8A1CC13E0200EDEAAC /* ninjamovesUITests.swift in Sources */ = {isa = PBXBuildFile; fileRef = 0A8EFD891CC13E0200EDEAAC /* ninjamovesUITests.swift */; };
/* End PBXBuildFile section */

/* Begin PBXContainerItemProxy section */
		0A8EFD7B1CC13E0200EDEAAC /* PBXContainerItemProxy */ = {
			isa = PBXContainerItemProxy;
			containerPortal = 0A8EFD5E1CC13E0200EDEAAC /* Project object */;
			proxyType = 1;
			remoteGlobalIDString = 0A8EFD651CC13E0200EDEAAC;
			remoteInfo = ninjamoves;
		};
		0A8EFD861CC13E0200EDEAAC /* PBXContainerItemProxy */ = {
			isa = PBXContainerItemProxy;
			containerPortal = 0A8EFD5E1CC13E0200EDEAAC /* Project object */;
			proxyType = 1;
			remoteGlobalIDString = 0A8EFD651CC13E0200EDEAAC;
			remoteInfo = ninjamoves;
		};
/* End PBXContainerItemProxy section */

/* Begin PBXFileReference section */
		0A8EFD661CC13E0200EDEAAC /* ninjamoves.app */ = {isa = PBXFileReference; explicitFileType = wrapper.application; includeInIndex = 0; path = ninjamoves.app; sourceTree = BUILT_PRODUCTS_DIR; };
		0A8EFD691CC13E0200EDEAAC /* AppDelegate.swift */ = {isa = PBXFileReference; lastKnownFileType = sourcecode.swift; path = AppDelegate.swift; sourceTree = "<group>"; };
		0A8EFD6B1CC13E0200EDEAAC /* ViewController.swift */ = {isa = PBXFileReference; lastKnownFileType = sourcecode.swift; path = ViewController.swift; sourceTree = "<group>"; };
		0A8EFD6E1CC13E0200EDEAAC /* Base */ = {isa = PBXFileReference; lastKnownFileType = file.storyboard; name = Base; path = Base.lproj/Main.storyboard; sourceTree = "<group>"; };
		0A8EFD701CC13E0200EDEAAC /* Assets.xcassets */ = {isa = PBXFileReference; lastKnownFileType = folder.assetcatalog; path = Assets.xcassets; sourceTree = "<group>"; };
		0A8EFD731CC13E0200EDEAAC /* Base */ = {isa = PBXFileReference; lastKnownFileType = file.storyboard; name = Base; path = Base.lproj/LaunchScreen.storyboard; sourceTree = "<group>"; };
		0A8EFD751CC13E0200EDEAAC /* Info.plist */ = {isa = PBXFileReference; lastKnownFileType = text.plist.xml; path = Info.plist; sourceTree = "<group>"; };
		0A8EFD7A1CC13E0200EDEAAC /* ninjamovesTests.xctest */ = {isa = PBXFileReference; explicitFileType = wrapper.cfbundle; includeInIndex = 0; path = ninjamovesTests.xctest; sourceTree = BUILT_PRODUCTS_DIR; };
		0A8EFD7E1CC13E0200EDEAAC /* ninjamovesTests.swift */ = {isa = PBXFileReference; lastKnownFileType = sourcecode.swift; path = ninjamovesTests.swift; sourceTree = "<group>"; };
		0A8EFD801CC13E0200EDEAAC /* Info.plist */ = {isa = PBXFileReference; lastKnownFileType = text.plist.xml; path = Info.plist; sourceTree = "<group>"; };
		0A8EFD851CC13E0200EDEAAC /* ninjamovesUITests.xctest */ = {isa = PBXFileReference; explicitFileType = wrapper.cfbundle; includeInIndex = 0; path = ninjamovesUITests.xctest; sourceTree = BUILT_PRODUCTS_DIR; };
		0A8EFD891CC13E0200EDEAAC /* ninjamovesUITests.swift */ = {isa = PBXFileReference; lastKnownFileType = sourcecode.swift; path = ninjamovesUITests.swift; sourceTree = "<group>"; };
		0A8EFD8B1CC13E0200EDEAAC /* Info.plist */ = {isa = PBXFileReference; lastKnownFileType = text.plist.xml; path = Info.plist; sourceTree = "<group>"; };
/* End PBXFileReference section */

/* Begin PBXFrameworksBuildPhase section */
		0A8EFD631CC13E0200EDEAAC /* Frameworks */ = {
			isa = PBXFrameworksBuildPhase;
			buildActionMask = 2147483647;
			files = (
			);
			runOnlyForDeploymentPostprocessing = 0;
		};
		0A8EFD771CC13E0200EDEAAC /* Frameworks */ = {
			isa = PBXFrameworksBuildPhase;
			buildActionMask = 2147483647;
			files = (
			);
			runOnlyForDeploymentPostprocessing = 0;
		};
		0A8EFD821CC13E0200EDEAAC /* Frameworks */ = {
			isa = PBXFrameworksBuildPhase;
			buildActionMask = 2147483647;
			files = (
			);
			runOnlyForDeploymentPostprocessing = 0;
		};
/* End PBXFrameworksBuildPhase section */

/* Begin PBXGroup section */
		0A8EFD5D1CC13E0200EDEAAC = {
			isa = PBXGroup;
			children = (
				0A8EFD681CC13E0200EDEAAC /* ninjamoves */,
				0A8EFD7D1CC13E0200EDEAAC /* ninjamovesTests */,
				0A8EFD881CC13E0200EDEAAC /* ninjamovesUITests */,
				0A8EFD671CC13E0200EDEAAC /* Products */,
			);
			sourceTree = "<group>";
		};
		0A8EFD671CC13E0200EDEAAC /* Products */ = {
			isa = PBXGroup;
			children = (
				0A8EFD661CC13E0200EDEAAC /* ninjamoves.app */,
				0A8EFD7A1CC13E0200EDEAAC /* ninjamovesTests.xctest */,
				0A8EFD851CC13E0200EDEAAC /* ninjamovesUITests.xctest */,
			);
			name = Products;
			sourceTree = "<group>";
		};
		0A8EFD681CC13E0200EDEAAC /* ninjamoves */ = {
			isa = PBXGroup;
			children = (
				0A8EFD691CC13E0200EDEAAC /* AppDelegate.swift */,
				0A8EFD6B1CC13E0200EDEAAC /* ViewController.swift */,
				0A8EFD6D1CC13E0200EDEAAC /* Main.storyboard */,
				0A8EFD701CC13E0200EDEAAC /* Assets.xcassets */,
				0A8EFD721CC13E0200EDEAAC /* LaunchScreen.storyboard */,
				0A8EFD751CC13E0200EDEAAC /* Info.plist */,
			);
			path = ninjamoves;
			sourceTree = "<group>";
		};
		0A8EFD7D1CC13E0200EDEAAC /* ninjamovesTests */ = {
			isa = PBXGroup;
			children = (
				0A8EFD7E1CC13E0200EDEAAC /* ninjamovesTests.swift */,
				0A8EFD801CC13E0200EDEAAC /* Info.plist */,
			);
			path = ninjamovesTests;
			sourceTree = "<group>";
		};
		0A8EFD881CC13E0200EDEAAC /* ninjamovesUITests */ = {
			isa = PBXGroup;
			children = (
				0A8EFD891CC13E0200EDEAAC /* ninjamovesUITests.swift */,
				0A8EFD8B1CC13E0200EDEAAC /* Info.plist */,
			);
			path = ninjamovesUITests;
			sourceTree = "<group>";
		};
/* End PBXGroup section */

/* Begin PBXNativeTarget section */
		0A8EFD651CC13E0200EDEAAC /* ninjamoves */ = {
			isa = PBXNativeTarget;
			buildConfigurationList = 0A8EFD8E1CC13E0200EDEAAC /* Build configuration list for PBXNativeTarget "ninjamoves" */;
			buildPhases = (
				0A8EFD621CC13E0200EDEAAC /* Sources */,
				0A8EFD631CC13E0200EDEAAC /* Frameworks */,
				0A8EFD641CC13E0200EDEAAC /* Resources */,
			);
			buildRules = (
			);
			dependencies = (
			);
			name = ninjamoves;
			productName = ninjamoves;
			productReference = 0A8EFD661CC13E0200EDEAAC /* ninjamoves.app */;
			productType = "com.apple.product-type.application";
		};
		0A8EFD791CC13E0200EDEAAC /* ninjamovesTests */ = {
			isa = PBXNativeTarget;
			buildConfigurationList = 0A8EFD911CC13E0200EDEAAC /* Build configuration list for PBXNativeTarget "ninjamovesTests" */;
			buildPhases = (
				0A8EFD761CC13E0200EDEAAC /* Sources */,
				0A8EFD771CC13E0200EDEAAC /* Frameworks */,
				0A8EFD781CC13E0200EDEAAC /* Resources */,
			);
			buildRules = (
			);
			dependencies = (
				0A8EFD7C1CC13E0200EDEAAC /* PBXTargetDependency */,
			);
			name = ninjamovesTests;
			productName = ninjamovesTests;
			productReference = 0A8EFD7A1CC13E0200EDEAAC /* ninjamovesTests.xctest */;
			productType = "com.apple.product-type.bundle.unit-test";
		};
		0A8EFD841CC13E0200EDEAAC /* ninjamovesUITests */ = {
			isa = PBXNativeTarget;
			buildConfigurationList = 0A8EFD941CC13E0200EDEAAC /* Build configuration list for PBXNativeTarget "ninjamovesUITests" */;
			buildPhases = (
				0A8EFD811CC13E0200EDEAAC /* Sources */,
				0A8EFD821CC13E0200EDEAAC /* Frameworks */,
				0A8EFD831CC13E0200EDEAAC /* Resources */,
			);
			buildRules = (
			);
			dependencies = (
				0A8EFD871CC13E0200EDEAAC /* PBXTargetDependency */,
			);
			name = ninjamovesUITests;
			productName = ninjamovesUITests;
			productReference = 0A8EFD851CC13E0200EDEAAC /* ninjamovesUITests.xctest */;
			productType = "com.apple.product-type.bundle.ui-testing";
		};
/* End PBXNativeTarget section */

/* Begin PBXProject section */
		0A8EFD5E1CC13E0200EDEAAC /* Project object */ = {
			isa = PBXProject;
			attributes = {
				LastSwiftUpdateCheck = 0720;
				LastUpgradeCheck = 0720;
				ORGANIZATIONNAME = Fitpay;
				TargetAttributes = {
					0A8EFD651CC13E0200EDEAAC = {
						CreatedOnToolsVersion = 7.2.1;
						DevelopmentTeam = 8DB2GSDN6Z;
					};
					0A8EFD791CC13E0200EDEAAC = {
						CreatedOnToolsVersion = 7.2.1;
						DevelopmentTeam = 8DB2GSDN6Z;
						TestTargetID = 0A8EFD651CC13E0200EDEAAC;
					};
					0A8EFD841CC13E0200EDEAAC = {
						CreatedOnToolsVersion = 7.2.1;
						DevelopmentTeam = 8DB2GSDN6Z;
						TestTargetID = 0A8EFD651CC13E0200EDEAAC;
					};
				};
			};
			buildConfigurationList = 0A8EFD611CC13E0200EDEAAC /* Build configuration list for PBXProject "ninjamoves" */;
			compatibilityVersion = "Xcode 3.2";
			developmentRegion = English;
			hasScannedForEncodings = 0;
			knownRegions = (
				en,
				Base,
			);
			mainGroup = 0A8EFD5D1CC13E0200EDEAAC;
			productRefGroup = 0A8EFD671CC13E0200EDEAAC /* Products */;
			projectDirPath = "";
			projectRoot = "";
			targets = (
				0A8EFD651CC13E0200EDEAAC /* ninjamoves */,
				0A8EFD791CC13E0200EDEAAC /* ninjamovesTests */,
				0A8EFD841CC13E0200EDEAAC /* ninjamovesUITests */,
			);
		};
/* End PBXProject section */

/* Begin PBXResourcesBuildPhase section */
		0A8EFD641CC13E0200EDEAAC /* Resources */ = {
			isa = PBXResourcesBuildPhase;
			buildActionMask = 2147483647;
			files = (
				0A8EFD741CC13E0200EDEAAC /* LaunchScreen.storyboard in Resources */,
				0A8EFD711CC13E0200EDEAAC /* Assets.xcassets in Resources */,
				0A8EFD6F1CC13E0200EDEAAC /* Main.storyboard in Resources */,
			);
			runOnlyForDeploymentPostprocessing = 0;
		};
		0A8EFD781CC13E0200EDEAAC /* Resources */ = {
			isa = PBXResourcesBuildPhase;
			buildActionMask = 2147483647;
			files = (
			);
			runOnlyForDeploymentPostprocessing = 0;
		};
		0A8EFD831CC13E0200EDEAAC /* Resources */ = {
			isa = PBXResourcesBuildPhase;
			buildActionMask = 2147483647;
			files = (
			);
			runOnlyForDeploymentPostprocessing = 0;
		};
/* End PBXResourcesBuildPhase section */

/* Begin PBXSourcesBuildPhase section */
		0A8EFD621CC13E0200EDEAAC /* Sources */ = {
			isa = PBXSourcesBuildPhase;
			buildActionMask = 2147483647;
			files = (
				0A8EFD6C1CC13E0200EDEAAC /* ViewController.swift in Sources */,
				0A8EFD6A1CC13E0200EDEAAC /* AppDelegate.swift in Sources */,
			);
			runOnlyForDeploymentPostprocessing = 0;
		};
		0A8EFD761CC13E0200EDEAAC /* Sources */ = {
			isa = PBXSourcesBuildPhase;
			buildActionMask = 2147483647;
			files = (
				0A8EFD7F1CC13E0200EDEAAC /* ninjamovesTests.swift in Sources */,
			);
			runOnlyForDeploymentPostprocessing = 0;
		};
		0A8EFD811CC13E0200EDEAAC /* Sources */ = {
			isa = PBXSourcesBuildPhase;
			buildActionMask = 2147483647;
			files = (
				0A8EFD8A1CC13E0200EDEAAC /* ninjamovesUITests.swift in Sources */,
			);
			runOnlyForDeploymentPostprocessing = 0;
		};
/* End PBXSourcesBuildPhase section */

/* Begin PBXTargetDependency section */
		0A8EFD7C1CC13E0200EDEAAC /* PBXTargetDependency */ = {
			isa = PBXTargetDependency;
			target = 0A8EFD651CC13E0200EDEAAC /* ninjamoves */;
			targetProxy = 0A8EFD7B1CC13E0200EDEAAC /* PBXContainerItemProxy */;
		};
		0A8EFD871CC13E0200EDEAAC /* PBXTargetDependency */ = {
			isa = PBXTargetDependency;
			target = 0A8EFD651CC13E0200EDEAAC /* ninjamoves */;
			targetProxy = 0A8EFD861CC13E0200EDEAAC /* PBXContainerItemProxy */;
		};
/* End PBXTargetDependency section */

/* Begin PBXVariantGroup section */
		0A8EFD6D1CC13E0200EDEAAC /* Main.storyboard */ = {
			isa = PBXVariantGroup;
			children = (
				0A8EFD6E1CC13E0200EDEAAC /* Base */,
			);
			name = Main.storyboard;
			sourceTree = "<group>";
		};
		0A8EFD721CC13E0200EDEAAC /* LaunchScreen.storyboard */ = {
			isa = PBXVariantGroup;
			children = (
				0A8EFD731CC13E0200EDEAAC /* Base */,
			);
			name = LaunchScreen.storyboard;
			sourceTree = "<group>";
		};
/* End PBXVariantGroup section */

/* Begin XCBuildConfiguration section */
		0A8EFD8C1CC13E0200EDEAAC /* Debug */ = {
			isa = XCBuildConfiguration;
			buildSettings = {
				ALWAYS_SEARCH_USER_PATHS = NO;
				CLANG_CXX_LANGUAGE_STANDARD = "gnu++0x";
				CLANG_CXX_LIBRARY = "libc++";
				CLANG_ENABLE_MODULES = YES;
				CLANG_ENABLE_OBJC_ARC = YES;
				CLANG_WARN_BOOL_CONVERSION = YES;
				CLANG_WARN_CONSTANT_CONVERSION = YES;
				CLANG_WARN_DIRECT_OBJC_ISA_USAGE = YES_ERROR;
				CLANG_WARN_EMPTY_BODY = YES;
				CLANG_WARN_ENUM_CONVERSION = YES;
				CLANG_WARN_INT_CONVERSION = YES;
				CLANG_WARN_OBJC_ROOT_CLASS = YES_ERROR;
				CLANG_WARN_UNREACHABLE_CODE = YES;
				CLANG_WARN__DUPLICATE_METHOD_MATCH = YES;
				"CODE_SIGN_IDENTITY[sdk=iphoneos*]" = "iPhone Developer";
				COPY_PHASE_STRIP = NO;
				DEBUG_INFORMATION_FORMAT = dwarf;
				ENABLE_STRICT_OBJC_MSGSEND = YES;
				ENABLE_TESTABILITY = YES;
				GCC_C_LANGUAGE_STANDARD = gnu99;
				GCC_DYNAMIC_NO_PIC = NO;
				GCC_NO_COMMON_BLOCKS = YES;
				GCC_OPTIMIZATION_LEVEL = 0;
				GCC_PREPROCESSOR_DEFINITIONS = (
					"DEBUG=1",
					"$(inherited)",
				);
				GCC_WARN_64_TO_32_BIT_CONVERSION = YES;
				GCC_WARN_ABOUT_RETURN_TYPE = YES_ERROR;
				GCC_WARN_UNDECLARED_SELECTOR = YES;
				GCC_WARN_UNINITIALIZED_AUTOS = YES_AGGRESSIVE;
				GCC_WARN_UNUSED_FUNCTION = YES;
				GCC_WARN_UNUSED_VARIABLE = YES;
				IPHONEOS_DEPLOYMENT_TARGET = 9.2;
				MTL_ENABLE_DEBUG_INFO = YES;
				ONLY_ACTIVE_ARCH = YES;
				SDKROOT = iphoneos;
				SWIFT_OPTIMIZATION_LEVEL = "-Onone";
			};
			name = Debug;
		};
		0A8EFD8D1CC13E0200EDEAAC /* Release */ = {
			isa = XCBuildConfiguration;
			buildSettings = {
				ALWAYS_SEARCH_USER_PATHS = NO;
				CLANG_CXX_LANGUAGE_STANDARD = "gnu++0x";
				CLANG_CXX_LIBRARY = "libc++";
				CLANG_ENABLE_MODULES = YES;
				CLANG_ENABLE_OBJC_ARC = YES;
				CLANG_WARN_BOOL_CONVERSION = YES;
				CLANG_WARN_CONSTANT_CONVERSION = YES;
				CLANG_WARN_DIRECT_OBJC_ISA_USAGE = YES_ERROR;
				CLANG_WARN_EMPTY_BODY = YES;
				CLANG_WARN_ENUM_CONVERSION = YES;
				CLANG_WARN_INT_CONVERSION = YES;
				CLANG_WARN_OBJC_ROOT_CLASS = YES_ERROR;
				CLANG_WARN_UNREACHABLE_CODE = YES;
				CLANG_WARN__DUPLICATE_METHOD_MATCH = YES;
				"CODE_SIGN_IDENTITY[sdk=iphoneos*]" = "iPhone Developer";
				COPY_PHASE_STRIP = NO;
				DEBUG_INFORMATION_FORMAT = "dwarf-with-dsym";
				ENABLE_NS_ASSERTIONS = NO;
				ENABLE_STRICT_OBJC_MSGSEND = YES;
				GCC_C_LANGUAGE_STANDARD = gnu99;
				GCC_NO_COMMON_BLOCKS = YES;
				GCC_WARN_64_TO_32_BIT_CONVERSION = YES;
				GCC_WARN_ABOUT_RETURN_TYPE = YES_ERROR;
				GCC_WARN_UNDECLARED_SELECTOR = YES;
				GCC_WARN_UNINITIALIZED_AUTOS = YES_AGGRESSIVE;
				GCC_WARN_UNUSED_FUNCTION = YES;
				GCC_WARN_UNUSED_VARIABLE = YES;
				IPHONEOS_DEPLOYMENT_TARGET = 9.2;
				MTL_ENABLE_DEBUG_INFO = NO;
				SDKROOT = iphoneos;
				VALIDATE_PRODUCT = YES;
			};
			name = Release;
		};
		0A8EFD8F1CC13E0200EDEAAC /* Debug */ = {
			isa = XCBuildConfiguration;
			buildSettings = {
				ASSETCATALOG_COMPILER_APPICON_NAME = AppIcon;
				INFOPLIST_FILE = ninjamoves/Info.plist;
				LD_RUNPATH_SEARCH_PATHS = "$(inherited) @executable_path/Frameworks";
				PRODUCT_BUNDLE_IDENTIFIER = com.fitpay.ninjamoves;
				PRODUCT_NAME = "$(TARGET_NAME)";
			};
			name = Debug;
		};
		0A8EFD901CC13E0200EDEAAC /* Release */ = {
			isa = XCBuildConfiguration;
			buildSettings = {
				ASSETCATALOG_COMPILER_APPICON_NAME = AppIcon;
				INFOPLIST_FILE = ninjamoves/Info.plist;
				LD_RUNPATH_SEARCH_PATHS = "$(inherited) @executable_path/Frameworks";
				PRODUCT_BUNDLE_IDENTIFIER = com.fitpay.ninjamoves;
				PRODUCT_NAME = "$(TARGET_NAME)";
			};
			name = Release;
		};
		0A8EFD921CC13E0200EDEAAC /* Debug */ = {
			isa = XCBuildConfiguration;
			buildSettings = {
				BUNDLE_LOADER = "$(TEST_HOST)";
				INFOPLIST_FILE = ninjamovesTests/Info.plist;
				LD_RUNPATH_SEARCH_PATHS = "$(inherited) @executable_path/Frameworks @loader_path/Frameworks";
				PRODUCT_BUNDLE_IDENTIFIER = com.fitpay.ninjamovesTests;
				PRODUCT_NAME = "$(TARGET_NAME)";
				TEST_HOST = "$(BUILT_PRODUCTS_DIR)/ninjamoves.app/ninjamoves";
			};
			name = Debug;
		};
		0A8EFD931CC13E0200EDEAAC /* Release */ = {
			isa = XCBuildConfiguration;
			buildSettings = {
				BUNDLE_LOADER = "$(TEST_HOST)";
				INFOPLIST_FILE = ninjamovesTests/Info.plist;
				LD_RUNPATH_SEARCH_PATHS = "$(inherited) @executable_path/Frameworks @loader_path/Frameworks";
				PRODUCT_BUNDLE_IDENTIFIER = com.fitpay.ninjamovesTests;
				PRODUCT_NAME = "$(TARGET_NAME)";
				TEST_HOST = "$(BUILT_PRODUCTS_DIR)/ninjamoves.app/ninjamoves";
			};
			name = Release;
		};
		0A8EFD951CC13E0200EDEAAC /* Debug */ = {
			isa = XCBuildConfiguration;
			buildSettings = {
				INFOPLIST_FILE = ninjamovesUITests/Info.plist;
				LD_RUNPATH_SEARCH_PATHS = "$(inherited) @executable_path/Frameworks @loader_path/Frameworks";
				PRODUCT_BUNDLE_IDENTIFIER = com.fitpay.ninjamovesUITests;
				PRODUCT_NAME = "$(TARGET_NAME)";
				TEST_TARGET_NAME = ninjamoves;
				USES_XCTRUNNER = YES;
			};
			name = Debug;
		};
		0A8EFD961CC13E0200EDEAAC /* Release */ = {
			isa = XCBuildConfiguration;
			buildSettings = {
				INFOPLIST_FILE = ninjamovesUITests/Info.plist;
				LD_RUNPATH_SEARCH_PATHS = "$(inherited) @executable_path/Frameworks @loader_path/Frameworks";
				PRODUCT_BUNDLE_IDENTIFIER = com.fitpay.ninjamovesUITests;
				PRODUCT_NAME = "$(TARGET_NAME)";
				TEST_TARGET_NAME = ninjamoves;
				USES_XCTRUNNER = YES;
			};
			name = Release;
		};
/* End XCBuildConfiguration section */

/* Begin XCConfigurationList section */
		0A8EFD611CC13E0200EDEAAC /* Build configuration list for PBXProject "ninjamoves" */ = {
			isa = XCConfigurationList;
			buildConfigurations = (
				0A8EFD8C1CC13E0200EDEAAC /* Debug */,
				0A8EFD8D1CC13E0200EDEAAC /* Release */,
			);
			defaultConfigurationIsVisible = 0;
			defaultConfigurationName = Release;
		};
		0A8EFD8E1CC13E0200EDEAAC /* Build configuration list for PBXNativeTarget "ninjamoves" */ = {
			isa = XCConfigurationList;
			buildConfigurations = (
				0A8EFD8F1CC13E0200EDEAAC /* Debug */,
				0A8EFD901CC13E0200EDEAAC /* Release */,
			);
			defaultConfigurationIsVisible = 0;
		};
		0A8EFD911CC13E0200EDEAAC /* Build configuration list for PBXNativeTarget "ninjamovesTests" */ = {
			isa = XCConfigurationList;
			buildConfigurations = (
				0A8EFD921CC13E0200EDEAAC /* Debug */,
				0A8EFD931CC13E0200EDEAAC /* Release */,
			);
			defaultConfigurationIsVisible = 0;
		};
		0A8EFD941CC13E0200EDEAAC /* Build configuration list for PBXNativeTarget "ninjamovesUITests" */ = {
			isa = XCConfigurationList;
			buildConfigurations = (
				0A8EFD951CC13E0200EDEAAC /* Debug */,
				0A8EFD961CC13E0200EDEAAC /* Release */,
			);
			defaultConfigurationIsVisible = 0;
		};
/* End XCConfigurationList section */
	};
	rootObject = 0A8EFD5E1CC13E0200EDEAAC /* Project object */;
}
